schema: '2.0'
stages:
  data_ingestion:
    cmd: python src/data_ingestion.py
    deps:
    - path: src/data_ingestion.py
      hash: md5
      md5: f18a7965329187ce3d993b82054e6378
      size: 3645
    params:
      params.yaml:
        data_ingestion.test_size: 0.31
    outs:
    - path: data/raw
      hash: md5
      md5: 8ff2bf1b6c1be4f9112a13232342bc24.dir
      size: 484846
      nfiles: 2
  pre-processing:
    cmd: python src/pre-processing.py
    deps:
    - path: data/raw
      hash: md5
      md5: 8ff2bf1b6c1be4f9112a13232342bc24.dir
      size: 484846
      nfiles: 2
    - path: src/pre-processing.py
      hash: md5
      md5: ae0059b79590609927f72e3c373f1865
      size: 3973
    outs:
    - path: data/interim
      hash: md5
      md5: c127b073a4891214d6a5ac5c98385b9b.dir
      size: 262585
      nfiles: 2
  feature_eng:
    cmd: python src/feature_eng.py
    deps:
    - path: data/interim
      hash: md5
      md5: c127b073a4891214d6a5ac5c98385b9b.dir
      size: 262585
      nfiles: 2
    - path: src/feature_eng.py
      hash: md5
      md5: 607f1d30c38bad4448167b1e92e08217
      size: 3902
    params:
      params.yaml:
        feature_eng.max_features: 50
    outs:
    - path: data/processed
      hash: md5
      md5: 19733e20045c2efcf2cd6aeeea67252a.dir
      size: 1187467
      nfiles: 2
  model_training:
    cmd: python src/model_training.py
    deps:
    - path: data/processed
      hash: md5
      md5: 19733e20045c2efcf2cd6aeeea67252a.dir
      size: 1187467
      nfiles: 2
    - path: src/model_training.py
      hash: md5
      md5: aee9ab4c312c46938ae80503e3054092
      size: 4423
    params:
      params.yaml:
        model_training.n_estimators: 20
        model_training.random_state: 3
    outs:
    - path: models/model.pkl
      hash: md5
      md5: 8a0208967ef2b59863aa06abfe14d397
      size: 703447
  model_evaluation:
    cmd: python src/model_evaluation.py
    deps:
    - path: models/model.pkl
      hash: md5
      md5: 8a0208967ef2b59863aa06abfe14d397
      size: 703447
    - path: src/model_evaluation.py
      hash: md5
      md5: 553abb63c25d201ab4732efe779df04d
      size: 4639
    outs:
    - path: reports/metrics.json
      hash: md5
      md5: 9f21106998882f7dcc90d025f5106072
      size: 131
